{
  "version": 4,
  "terraform_version": "0.12.18",
  "serial": 146,
  "lineage": "e6c18dd1-7f78-00f1-af98-15994b92105a",
  "outputs": {},
  "resources": [
    {
      "mode": "managed",
      "type": "aws_eks_cluster",
      "name": "eks-cluster",
      "provider": "provider.aws",
      "instances": [
        {
          "schema_version": 0,
          "attributes": {
            "arn": "arn:aws:eks:ap-northeast-2:494307375889:cluster/terraform-eks-demo",
            "certificate_authority": [
              {
                "data": "LS0tLS1CRUdJTiBDRVJUSUZJQ0FURS0tLS0tCk1JSUN5RENDQWJDZ0F3SUJBZ0lCQURBTkJna3Foa2lHOXcwQkFRc0ZBREFWTVJNd0VRWURWUVFERXdwcmRXSmwKY201bGRHVnpNQjRYRFRFNU1USXlPVEUzTlRnek5sb1hEVEk1TVRJeU5qRTNOVGd6Tmxvd0ZURVRNQkVHQTFVRQpBeE1LYTNWaVpYSnVaWFJsY3pDQ0FTSXdEUVlKS29aSWh2Y05BUUVCQlFBRGdnRVBBRENDQVFvQ2dnRUJBTVVZCnZnVzlLZ1paV1J5MGJ0MkpQSTRUZ3pubm96NDhTTUZQUklWcmdGeUtMVXNIbHZMSUFOUUNiOENEcWlvVkZIR2MKRytBbVFvZTFWUTJTb29UemplRmF0UUh4WHRqK3VvTUM5Z0laUUgvWjcya3dQZ0NwMWlIMi9SUm5wSjlHeDUwYwpqOXdpVmh1d1k4c2Y0aDNxamZjWkxqM3Qvckpva25oMGtlNDB5MEM5d3VpQk1KakFmcC94N3Y2MnBYa3lrMHczCjdxNTZQM1Zid1hxR3EybnlDZjhnZXJ1ajF2OXRpdDJYV0xFV3RlbC9VOWFrTjRRZjk5aG5wRjRGNnNZVlprZ1gKT0hSRlovazdWZVg3dlk4TEpldGZXOEdGKzFtVXEyRzRrK2lldUk2UklNOGtMTzcrTWhhYmZCZmRaMlZ2TUpyRAp4NGkvcC8wakllZW9weUtyQ0w4Q0F3RUFBYU1qTUNFd0RnWURWUjBQQVFIL0JBUURBZ0trTUE4R0ExVWRFd0VCCi93UUZNQU1CQWY4d0RRWUpLb1pJaHZjTkFRRUxCUUFEZ2dFQkFITFV0OHAyNWp2d2NLSW5OSDlyaTFmbHo3QWwKZWF3RHMwRlBzMkFYQXRrSFc4Z3h2cDlZZ0VBWHJoMXZnbXJkakVvcGw3YklWYkl3U1JyaC90YWQrRGZwT0VwOQpxOVBaUzl5bzhzaDNjUDdCeFVJZlA0R3d6eWt0bXZnL0MvVS9laXU3QloyZHpDaWF1OTJVYmdmUXBMQ3hYbFNjCjNLWEJaRzNEem01eVg0QTgvbUxCdmtzRWlaVXR5L3FVd3VZbUZHd29vQWhxSUwxSjVpZm5wWk02dHlSeXpjTmUKdWR1bzRESFU2MFZ3dFMrU2d5elpaa0tFZWE5a0xLc2tydSs5UHNTSFpQdytHSmQ3K0JBd0k5WEl2SnZvUDVjVApmYk9abmFTeEZpQk41V0YrSm1ERys3bENaZk5HNCtIQytSYXZqUVBlZWk3SjRhZWQ2QU4yYkkycmtUUT0KLS0tLS1FTkQgQ0VSVElGSUNBVEUtLS0tLQo="
              }
            ],
            "created_at": "2019-12-29 17:51:58 +0000 UTC",
            "enabled_cluster_log_types": [],
            "endpoint": "https://39AE43E1E6D258AA667890A53ACBCFD3.yl4.ap-northeast-2.eks.amazonaws.com",
            "id": "terraform-eks-demo",
            "identity": [
              {
                "oidc": [
                  {
                    "issuer": "https://oidc.eks.ap-northeast-2.amazonaws.com/id/39AE43E1E6D258AA667890A53ACBCFD3"
                  }
                ]
              }
            ],
            "name": "terraform-eks-demo",
            "platform_version": "eks.7",
            "role_arn": "arn:aws:iam::494307375889:role/eksrole",
            "status": "ACTIVE",
            "tags": {},
            "timeouts": null,
            "version": "1.14",
            "vpc_config": [
              {
                "cluster_security_group_id": "sg-093266ff2194e389a",
                "endpoint_private_access": false,
                "endpoint_public_access": true,
                "security_group_ids": [
                  "sg-0619b717e7a88171a"
                ],
                "subnet_ids": [
                  "subnet-035f7ef8147d78e05",
                  "subnet-04bbb1dc178079ff2",
                  "subnet-07a0eacc2091717b5",
                  "subnet-0ce9b7d37a8540312"
                ],
                "vpc_id": "vpc-0b38571b57ddcd4d2"
              }
            ]
          }
        }
      ]
    },
    {
      "mode": "managed",
      "type": "aws_iam_role",
      "name": "eksrole",
      "provider": "provider.aws",
      "instances": [
        {
          "schema_version": 0,
          "attributes": {
            "arn": "arn:aws:iam::494307375889:role/eksrole",
            "assume_role_policy": "{\"Version\":\"2012-10-17\",\"Statement\":[{\"Effect\":\"Allow\",\"Principal\":{\"Service\":\"eks.amazonaws.com\"},\"Action\":\"sts:AssumeRole\"}]}",
            "create_date": "2019-12-29T17:51:36Z",
            "description": "",
            "force_detach_policies": false,
            "id": "eksrole",
            "max_session_duration": 3600,
            "name": "eksrole",
            "name_prefix": null,
            "path": "/",
            "permissions_boundary": null,
            "tags": {},
            "unique_id": "AROAXGFYD7MI4MPBXJH2G"
          },
          "private": "bnVsbA=="
        }
      ]
    },
    {
      "mode": "managed",
      "type": "aws_iam_role_policy_attachment",
      "name": "eksrole-AmazonEKSClusterPolicy",
      "provider": "provider.aws",
      "instances": [
        {
          "schema_version": 0,
          "attributes": {
            "id": "eksrole-20191229175138769100000003",
            "policy_arn": "arn:aws:iam::aws:policy/AmazonEKSClusterPolicy",
            "role": "eksrole"
          },
          "private": "bnVsbA==",
          "dependencies": [
            "aws_iam_role.eksrole"
          ]
        }
      ]
    },
    {
      "mode": "managed",
      "type": "aws_iam_role_policy_attachment",
      "name": "eksrole-AmazonEKSServicePolicy",
      "provider": "provider.aws",
      "instances": [
        {
          "schema_version": 0,
          "attributes": {
            "id": "eksrole-20191229175138758100000002",
            "policy_arn": "arn:aws:iam::aws:policy/AmazonEKSServicePolicy",
            "role": "eksrole"
          },
          "private": "bnVsbA==",
          "dependencies": [
            "aws_iam_role.eksrole"
          ]
        }
      ]
    },
    {
      "mode": "managed",
      "type": "aws_security_group",
      "name": "eks-cluster-sg",
      "provider": "provider.aws",
      "instances": [
        {
          "schema_version": 1,
          "attributes": {
            "arn": "arn:aws:ec2:ap-northeast-2:494307375889:security-group/sg-0619b717e7a88171a",
            "description": "Cluster communication with worker nodes",
            "egress": [
              {
                "cidr_blocks": [
                  "0.0.0.0/0"
                ],
                "description": "",
                "from_port": 0,
                "ipv6_cidr_blocks": [],
                "prefix_list_ids": [],
                "protocol": "-1",
                "security_groups": [],
                "self": false,
                "to_port": 0
              }
            ],
            "id": "sg-0619b717e7a88171a",
            "ingress": [
              {
                "cidr_blocks": [],
                "description": "Allow pods to communiate with the cluster API server",
                "from_port": 443,
                "ipv6_cidr_blocks": [],
                "prefix_list_ids": [],
                "protocol": "tcp",
                "security_groups": [
                  "sg-09eb6bac04516f649"
                ],
                "self": false,
                "to_port": 65535
              }
            ],
            "name": "terraform-eks-cluster-sg",
            "name_prefix": null,
            "owner_id": "494307375889",
            "revoke_rules_on_delete": false,
            "tags": {
              "Name": "terraform-eks-cluster-sg"
            },
            "timeouts": null,
            "vpc_id": "vpc-0b38571b57ddcd4d2"
          },
          "private": "eyJlMmJmYjczMC1lY2FhLTExZTYtOGY4OC0zNDM2M2JjN2M0YzAiOnsiY3JlYXRlIjo2MDAwMDAwMDAwMDAsImRlbGV0ZSI6NjAwMDAwMDAwMDAwfSwic2NoZW1hX3ZlcnNpb24iOiIxIn0=",
          "dependencies": [
            "aws_vpc.eks-vpc"
          ]
        }
      ]
    },
    {
      "mode": "managed",
      "type": "aws_subnet",
      "name": "eks-node-subnet-pri1",
      "provider": "provider.aws",
      "instances": [
        {
          "schema_version": 1,
          "attributes": {
            "arn": "arn:aws:ec2:ap-northeast-2:494307375889:subnet/subnet-07a0eacc2091717b5",
            "assign_ipv6_address_on_creation": false,
            "availability_zone": "ap-northeast-2a",
            "availability_zone_id": "apne2-az1",
            "cidr_block": "10.0.2.0/24",
            "id": "subnet-07a0eacc2091717b5",
            "ipv6_cidr_block": "",
            "ipv6_cidr_block_association_id": "",
            "map_public_ip_on_launch": false,
            "owner_id": "494307375889",
            "tags": {
              "Name": "terraform-eks-node-subnet-pri1",
              "kubernetes.io/cluster/terraform-eks-demo": "shared",
              "kubernetes.io/role/internal-elb": "1"
            },
            "timeouts": null,
            "vpc_id": "vpc-0b38571b57ddcd4d2"
          },
          "private": "eyJlMmJmYjczMC1lY2FhLTExZTYtOGY4OC0zNDM2M2JjN2M0YzAiOnsiY3JlYXRlIjo2MDAwMDAwMDAwMDAsImRlbGV0ZSI6MTIwMDAwMDAwMDAwMH0sInNjaGVtYV92ZXJzaW9uIjoiMSJ9",
          "dependencies": [
            "aws_vpc.eks-vpc"
          ]
        }
      ]
    },
    {
      "mode": "managed",
      "type": "aws_subnet",
      "name": "eks-node-subnet-pri2",
      "provider": "provider.aws",
      "instances": [
        {
          "schema_version": 1,
          "attributes": {
            "arn": "arn:aws:ec2:ap-northeast-2:494307375889:subnet/subnet-035f7ef8147d78e05",
            "assign_ipv6_address_on_creation": false,
            "availability_zone": "ap-northeast-2c",
            "availability_zone_id": "apne2-az3",
            "cidr_block": "10.0.3.0/24",
            "id": "subnet-035f7ef8147d78e05",
            "ipv6_cidr_block": "",
            "ipv6_cidr_block_association_id": "",
            "map_public_ip_on_launch": false,
            "owner_id": "494307375889",
            "tags": {
              "Name": "terraform-eks-node-subnet-pri1",
              "kubernetes.io/cluster/terraform-eks-demo": "shared",
              "kubernetes.io/role/internal-elb": "1"
            },
            "timeouts": null,
            "vpc_id": "vpc-0b38571b57ddcd4d2"
          },
          "private": "eyJlMmJmYjczMC1lY2FhLTExZTYtOGY4OC0zNDM2M2JjN2M0YzAiOnsiY3JlYXRlIjo2MDAwMDAwMDAwMDAsImRlbGV0ZSI6MTIwMDAwMDAwMDAwMH0sInNjaGVtYV92ZXJzaW9uIjoiMSJ9",
          "dependencies": [
            "aws_vpc.eks-vpc"
          ]
        }
      ]
    },
    {
      "mode": "managed",
      "type": "aws_subnet",
      "name": "eks-node-subnet-pub1",
      "provider": "provider.aws",
      "instances": [
        {
          "schema_version": 1,
          "attributes": {
            "arn": "arn:aws:ec2:ap-northeast-2:494307375889:subnet/subnet-04bbb1dc178079ff2",
            "assign_ipv6_address_on_creation": false,
            "availability_zone": "ap-northeast-2a",
            "availability_zone_id": "apne2-az1",
            "cidr_block": "10.0.0.0/24",
            "id": "subnet-04bbb1dc178079ff2",
            "ipv6_cidr_block": "",
            "ipv6_cidr_block_association_id": "",
            "map_public_ip_on_launch": false,
            "owner_id": "494307375889",
            "tags": {
              "Name": "terraform-eks-node-subnet-pub",
              "kubernetes.io/cluster/terraform-eks-demo": "shared"
            },
            "timeouts": null,
            "vpc_id": "vpc-0b38571b57ddcd4d2"
          },
          "private": "eyJlMmJmYjczMC1lY2FhLTExZTYtOGY4OC0zNDM2M2JjN2M0YzAiOnsiY3JlYXRlIjo2MDAwMDAwMDAwMDAsImRlbGV0ZSI6MTIwMDAwMDAwMDAwMH0sInNjaGVtYV92ZXJzaW9uIjoiMSJ9",
          "dependencies": [
            "aws_vpc.eks-vpc"
          ]
        }
      ]
    },
    {
      "mode": "managed",
      "type": "aws_subnet",
      "name": "eks-node-subnet-pub2",
      "provider": "provider.aws",
      "instances": [
        {
          "schema_version": 1,
          "attributes": {
            "arn": "arn:aws:ec2:ap-northeast-2:494307375889:subnet/subnet-0ce9b7d37a8540312",
            "assign_ipv6_address_on_creation": false,
            "availability_zone": "ap-northeast-2b",
            "availability_zone_id": "apne2-az2",
            "cidr_block": "10.0.1.0/24",
            "id": "subnet-0ce9b7d37a8540312",
            "ipv6_cidr_block": "",
            "ipv6_cidr_block_association_id": "",
            "map_public_ip_on_launch": false,
            "owner_id": "494307375889",
            "tags": {
              "Name": "terraform-eks-node-subnet-pub",
              "kubernetes.io/cluster/terraform-eks-demo": "shared"
            },
            "timeouts": null,
            "vpc_id": "vpc-0b38571b57ddcd4d2"
          },
          "private": "eyJlMmJmYjczMC1lY2FhLTExZTYtOGY4OC0zNDM2M2JjN2M0YzAiOnsiY3JlYXRlIjo2MDAwMDAwMDAwMDAsImRlbGV0ZSI6MTIwMDAwMDAwMDAwMH0sInNjaGVtYV92ZXJzaW9uIjoiMSJ9",
          "dependencies": [
            "aws_vpc.eks-vpc"
          ]
        }
      ]
    },
    {
      "mode": "managed",
      "type": "aws_vpc",
      "name": "eks-vpc",
      "provider": "provider.aws",
      "instances": [
        {
          "schema_version": 1,
          "attributes": {
            "arn": "arn:aws:ec2:ap-northeast-2:494307375889:vpc/vpc-0b38571b57ddcd4d2",
            "assign_generated_ipv6_cidr_block": false,
            "cidr_block": "10.0.0.0/16",
            "default_network_acl_id": "acl-0f2b023f7bbe40844",
            "default_route_table_id": "rtb-0cfadb660b179e758",
            "default_security_group_id": "sg-0f0473feeed9b19eb",
            "dhcp_options_id": "dopt-d59c24be",
            "enable_classiclink": null,
            "enable_classiclink_dns_support": null,
            "enable_dns_hostnames": false,
            "enable_dns_support": true,
            "id": "vpc-0b38571b57ddcd4d2",
            "instance_tenancy": "default",
            "ipv6_association_id": "",
            "ipv6_cidr_block": "",
            "main_route_table_id": "rtb-0cfadb660b179e758",
            "owner_id": "494307375889",
            "tags": {
              "Name": "terraform-eks-node",
              "kubernetes.io/cluster/{var.cluster-name}": "shared"
            }
          },
          "private": "eyJzY2hlbWFfdmVyc2lvbiI6IjEifQ=="
        }
      ]
    }
  ]
}
